// !$*UTF8*$!
{
	archiveVersion = 1;
	classes = {
	};
	objectVersion = 55;
	objects = {

/* Begin PBXBuildFile section */
		100B583F27A5C91200805CC9 /* String+Extensions.swift in Sources */ = {isa = PBXBuildFile; fileRef = 100B583E27A5C91200805CC9 /* String+Extensions.swift */; };
		10450DEA27A4428F00C9A916 /* AppDelegate.swift in Sources */ = {isa = PBXBuildFile; fileRef = 10450DE927A4428F00C9A916 /* AppDelegate.swift */; };
		10450DEC27A4428F00C9A916 /* SceneDelegate.swift in Sources */ = {isa = PBXBuildFile; fileRef = 10450DEB27A4428F00C9A916 /* SceneDelegate.swift */; };
		10450DEE27A4428F00C9A916 /* SearchTableViewController.swift in Sources */ = {isa = PBXBuildFile; fileRef = 10450DED27A4428F00C9A916 /* SearchTableViewController.swift */; };
		10450DF127A4428F00C9A916 /* Main.storyboard in Resources */ = {isa = PBXBuildFile; fileRef = 10450DEF27A4428F00C9A916 /* Main.storyboard */; };
		10450DF327A4429000C9A916 /* Assets.xcassets in Resources */ = {isa = PBXBuildFile; fileRef = 10450DF227A4429000C9A916 /* Assets.xcassets */; };
		10450DF627A4429000C9A916 /* LaunchScreen.storyboard in Resources */ = {isa = PBXBuildFile; fileRef = 10450DF427A4429000C9A916 /* LaunchScreen.storyboard */; };
		105C1F4227A4460800D6CFBC /* .gitignore in Resources */ = {isa = PBXBuildFile; fileRef = 105C1F4127A4460800D6CFBC /* .gitignore */; };
		105C1F4727A456E300D6CFBC /* SearchTableViewCell.swift in Sources */ = {isa = PBXBuildFile; fileRef = 105C1F4627A456E300D6CFBC /* SearchTableViewCell.swift */; };
		105C1F4A27A45A3100D6CFBC /* APIService.swift in Sources */ = {isa = PBXBuildFile; fileRef = 105C1F4927A45A3100D6CFBC /* APIService.swift */; };
		105C1F4D27A45D2900D6CFBC /* SearchResults.swift in Sources */ = {isa = PBXBuildFile; fileRef = 105C1F4C27A45D2900D6CFBC /* SearchResults.swift */; };
		105C1F4F27A47C4200D6CFBC /* SearchPlaceholderView.swift in Sources */ = {isa = PBXBuildFile; fileRef = 105C1F4E27A47C4200D6CFBC /* SearchPlaceholderView.swift */; };
		105C1F5227A4802700D6CFBC /* UIAnimatable.swift in Sources */ = {isa = PBXBuildFile; fileRef = 105C1F5127A4802700D6CFBC /* UIAnimatable.swift */; };
		1083DFB627A5A09500F1C173 /* TimeSeriesMonthlyAdjusted.swift in Sources */ = {isa = PBXBuildFile; fileRef = 1083DFB527A5A09500F1C173 /* TimeSeriesMonthlyAdjusted.swift */; };
		1083DFB827A5BC5600F1C173 /* CalculatorTableViewController.swift in Sources */ = {isa = PBXBuildFile; fileRef = 1083DFB727A5BC5600F1C173 /* CalculatorTableViewController.swift */; };
		1083DFBA27A5BD4700F1C173 /* Asset.swift in Sources */ = {isa = PBXBuildFile; fileRef = 1083DFB927A5BD4700F1C173 /* Asset.swift */; };
		10958EC827A819B0009197B7 /* UITextField+Extensions.swift in Sources */ = {isa = PBXBuildFile; fileRef = 10958EC727A819B0009197B7 /* UITextField+Extensions.swift */; };
		10958ECA27A848B6009197B7 /* DateSelectionTableViewController.swift in Sources */ = {isa = PBXBuildFile; fileRef = 10958EC927A848B6009197B7 /* DateSelectionTableViewController.swift */; };
		51DFBFB94FF2D19FCF368BD3 /* Pods_FinancialApp.framework in Frameworks */ = {isa = PBXBuildFile; fileRef = C7D68C8E13BE666F56261CCE /* Pods_FinancialApp.framework */; };
/* End PBXBuildFile section */

/* Begin PBXFileReference section */
		0E282FACDEDCD05EFB7701CF /* Pods-FinancialApp.debug.xcconfig */ = {isa = PBXFileReference; includeInIndex = 1; lastKnownFileType = text.xcconfig; name = "Pods-FinancialApp.debug.xcconfig"; path = "Target Support Files/Pods-FinancialApp/Pods-FinancialApp.debug.xcconfig"; sourceTree = "<group>"; };
		100B583E27A5C91200805CC9 /* String+Extensions.swift */ = {isa = PBXFileReference; lastKnownFileType = sourcecode.swift; path = "String+Extensions.swift"; sourceTree = "<group>"; };
		10450DE627A4428F00C9A916 /* FinancialApp.app */ = {isa = PBXFileReference; explicitFileType = wrapper.application; includeInIndex = 0; path = FinancialApp.app; sourceTree = BUILT_PRODUCTS_DIR; };
		10450DE927A4428F00C9A916 /* AppDelegate.swift */ = {isa = PBXFileReference; lastKnownFileType = sourcecode.swift; path = AppDelegate.swift; sourceTree = "<group>"; };
		10450DEB27A4428F00C9A916 /* SceneDelegate.swift */ = {isa = PBXFileReference; lastKnownFileType = sourcecode.swift; path = SceneDelegate.swift; sourceTree = "<group>"; };
		10450DED27A4428F00C9A916 /* SearchTableViewController.swift */ = {isa = PBXFileReference; lastKnownFileType = sourcecode.swift; path = SearchTableViewController.swift; sourceTree = "<group>"; };
		10450DF027A4428F00C9A916 /* Base */ = {isa = PBXFileReference; lastKnownFileType = file.storyboard; name = Base; path = Base.lproj/Main.storyboard; sourceTree = "<group>"; };
		10450DF227A4429000C9A916 /* Assets.xcassets */ = {isa = PBXFileReference; lastKnownFileType = folder.assetcatalog; path = Assets.xcassets; sourceTree = "<group>"; };
		10450DF527A4429000C9A916 /* Base */ = {isa = PBXFileReference; lastKnownFileType = file.storyboard; name = Base; path = Base.lproj/LaunchScreen.storyboard; sourceTree = "<group>"; };
		10450DF727A4429000C9A916 /* Info.plist */ = {isa = PBXFileReference; lastKnownFileType = text.plist.xml; path = Info.plist; sourceTree = "<group>"; };
		105C1F4127A4460800D6CFBC /* .gitignore */ = {isa = PBXFileReference; lastKnownFileType = text; path = .gitignore; sourceTree = "<group>"; };
		105C1F4627A456E300D6CFBC /* SearchTableViewCell.swift */ = {isa = PBXFileReference; lastKnownFileType = sourcecode.swift; path = SearchTableViewCell.swift; sourceTree = "<group>"; };
		105C1F4927A45A3100D6CFBC /* APIService.swift */ = {isa = PBXFileReference; lastKnownFileType = sourcecode.swift; path = APIService.swift; sourceTree = "<group>"; };
		105C1F4C27A45D2900D6CFBC /* SearchResults.swift */ = {isa = PBXFileReference; lastKnownFileType = sourcecode.swift; path = SearchResults.swift; sourceTree = "<group>"; };
		105C1F4E27A47C4200D6CFBC /* SearchPlaceholderView.swift */ = {isa = PBXFileReference; lastKnownFileType = sourcecode.swift; path = SearchPlaceholderView.swift; sourceTree = "<group>"; };
		105C1F5127A4802700D6CFBC /* UIAnimatable.swift */ = {isa = PBXFileReference; lastKnownFileType = sourcecode.swift; path = UIAnimatable.swift; sourceTree = "<group>"; };
		1083DFB527A5A09500F1C173 /* TimeSeriesMonthlyAdjusted.swift */ = {isa = PBXFileReference; lastKnownFileType = sourcecode.swift; path = TimeSeriesMonthlyAdjusted.swift; sourceTree = "<group>"; };
		1083DFB727A5BC5600F1C173 /* CalculatorTableViewController.swift */ = {isa = PBXFileReference; lastKnownFileType = sourcecode.swift; path = CalculatorTableViewController.swift; sourceTree = "<group>"; };
		1083DFB927A5BD4700F1C173 /* Asset.swift */ = {isa = PBXFileReference; lastKnownFileType = sourcecode.swift; path = Asset.swift; sourceTree = "<group>"; };
		10958EC727A819B0009197B7 /* UITextField+Extensions.swift */ = {isa = PBXFileReference; lastKnownFileType = sourcecode.swift; path = "UITextField+Extensions.swift"; sourceTree = "<group>"; };
		10958EC927A848B6009197B7 /* DateSelectionTableViewController.swift */ = {isa = PBXFileReference; lastKnownFileType = sourcecode.swift; path = DateSelectionTableViewController.swift; sourceTree = "<group>"; };
		3EF0F48D8B90E442D74C4837 /* Pods-FinancialApp.release.xcconfig */ = {isa = PBXFileReference; includeInIndex = 1; lastKnownFileType = text.xcconfig; name = "Pods-FinancialApp.release.xcconfig"; path = "Target Support Files/Pods-FinancialApp/Pods-FinancialApp.release.xcconfig"; sourceTree = "<group>"; };
		C7D68C8E13BE666F56261CCE /* Pods_FinancialApp.framework */ = {isa = PBXFileReference; explicitFileType = wrapper.framework; includeInIndex = 0; path = Pods_FinancialApp.framework; sourceTree = BUILT_PRODUCTS_DIR; };
/* End PBXFileReference section */

/* Begin PBXFrameworksBuildPhase section */
		10450DE327A4428F00C9A916 /* Frameworks */ = {
			isa = PBXFrameworksBuildPhase;
			buildActionMask = 2147483647;
			files = (
				51DFBFB94FF2D19FCF368BD3 /* Pods_FinancialApp.framework in Frameworks */,
			);
			runOnlyForDeploymentPostprocessing = 0;
		};
/* End PBXFrameworksBuildPhase section */

/* Begin PBXGroup section */
		100B583D27A5C8F800805CC9 /* Extensions */ = {
			isa = PBXGroup;
			children = (
				100B583E27A5C91200805CC9 /* String+Extensions.swift */,
				10958EC727A819B0009197B7 /* UITextField+Extensions.swift */,
			);
			path = Extensions;
			sourceTree = "<group>";
		};
		10450DDD27A4428F00C9A916 = {
			isa = PBXGroup;
			children = (
				105C1F4127A4460800D6CFBC /* .gitignore */,
				10450DE827A4428F00C9A916 /* FinancialApp */,
				10450DE727A4428F00C9A916 /* Products */,
				35664CD103A3CFBD095931FC /* Pods */,
				6632333F707EDCC64982CC46 /* Frameworks */,
			);
			sourceTree = "<group>";
		};
		10450DE727A4428F00C9A916 /* Products */ = {
			isa = PBXGroup;
			children = (
				10450DE627A4428F00C9A916 /* FinancialApp.app */,
			);
			name = Products;
			sourceTree = "<group>";
		};
		10450DE827A4428F00C9A916 /* FinancialApp */ = {
			isa = PBXGroup;
			children = (
				100B583D27A5C8F800805CC9 /* Extensions */,
				105C1F5027A4800500D6CFBC /* Protocols */,
				105C1F4B27A45D0F00D6CFBC /* Models */,
				105C1F4827A459FE00D6CFBC /* Services */,
				105C1F4527A456BF00D6CFBC /* Controllers */,
				105C1F4427A456B000D6CFBC /* Views */,
				10450DE927A4428F00C9A916 /* AppDelegate.swift */,
				10450DEB27A4428F00C9A916 /* SceneDelegate.swift */,
				10450DEF27A4428F00C9A916 /* Main.storyboard */,
				105C1F4327A4569500D6CFBC /* Files */,
			);
			path = FinancialApp;
			sourceTree = "<group>";
		};
		105C1F4327A4569500D6CFBC /* Files */ = {
			isa = PBXGroup;
			children = (
				10450DF227A4429000C9A916 /* Assets.xcassets */,
				10450DF427A4429000C9A916 /* LaunchScreen.storyboard */,
				10450DF727A4429000C9A916 /* Info.plist */,
			);
			path = Files;
			sourceTree = "<group>";
		};
		105C1F4427A456B000D6CFBC /* Views */ = {
			isa = PBXGroup;
			children = (
				105C1F4627A456E300D6CFBC /* SearchTableViewCell.swift */,
				105C1F4E27A47C4200D6CFBC /* SearchPlaceholderView.swift */,
			);
			path = Views;
			sourceTree = "<group>";
		};
		105C1F4527A456BF00D6CFBC /* Controllers */ = {
			isa = PBXGroup;
			children = (
				10450DED27A4428F00C9A916 /* SearchTableViewController.swift */,
				1083DFB727A5BC5600F1C173 /* CalculatorTableViewController.swift */,
				10958EC927A848B6009197B7 /* DateSelectionTableViewController.swift */,
			);
			path = Controllers;
			sourceTree = "<group>";
		};
		105C1F4827A459FE00D6CFBC /* Services */ = {
			isa = PBXGroup;
			children = (
				105C1F4927A45A3100D6CFBC /* APIService.swift */,
			);
			path = Services;
			sourceTree = "<group>";
		};
		105C1F4B27A45D0F00D6CFBC /* Models */ = {
			isa = PBXGroup;
			children = (
				105C1F4C27A45D2900D6CFBC /* SearchResults.swift */,
				1083DFB527A5A09500F1C173 /* TimeSeriesMonthlyAdjusted.swift */,
				1083DFB927A5BD4700F1C173 /* Asset.swift */,
			);
			path = Models;
			sourceTree = "<group>";
		};
		105C1F5027A4800500D6CFBC /* Protocols */ = {
			isa = PBXGroup;
			children = (
				105C1F5127A4802700D6CFBC /* UIAnimatable.swift */,
			);
			path = Protocols;
			sourceTree = "<group>";
		};
		35664CD103A3CFBD095931FC /* Pods */ = {
			isa = PBXGroup;
			children = (
				0E282FACDEDCD05EFB7701CF /* Pods-FinancialApp.debug.xcconfig */,
				3EF0F48D8B90E442D74C4837 /* Pods-FinancialApp.release.xcconfig */,
			);
			path = Pods;
			sourceTree = "<group>";
		};
		6632333F707EDCC64982CC46 /* Frameworks */ = {
			isa = PBXGroup;
			children = (
				C7D68C8E13BE666F56261CCE /* Pods_FinancialApp.framework */,
			);
			name = Frameworks;
			sourceTree = "<group>";
		};
/* End PBXGroup section */

/* Begin PBXNativeTarget section */
		10450DE527A4428F00C9A916 /* FinancialApp */ = {
			isa = PBXNativeTarget;
			buildConfigurationList = 10450DFA27A4429000C9A916 /* Build configuration list for PBXNativeTarget "FinancialApp" */;
			buildPhases = (
				BF6C470A560BF59E4B1C0EB7 /* [CP] Check Pods Manifest.lock */,
				10450DE227A4428F00C9A916 /* Sources */,
				10450DE327A4428F00C9A916 /* Frameworks */,
				10450DE427A4428F00C9A916 /* Resources */,
				AFAC9FFC3815A6310FF64D04 /* [CP] Embed Pods Frameworks */,
			);
			buildRules = (
			);
			dependencies = (
			);
			name = FinancialApp;
			productName = FinancialApp;
			productReference = 10450DE627A4428F00C9A916 /* FinancialApp.app */;
			productType = "com.apple.product-type.application";
		};
/* End PBXNativeTarget section */

/* Begin PBXProject section */
		10450DDE27A4428F00C9A916 /* Project object */ = {
			isa = PBXProject;
			attributes = {
				BuildIndependentTargetsInParallel = 1;
				LastSwiftUpdateCheck = 1320;
				LastUpgradeCheck = 1320;
				TargetAttributes = {
					10450DE527A4428F00C9A916 = {
						CreatedOnToolsVersion = 13.2;
					};
				};
			};
			buildConfigurationList = 10450DE127A4428F00C9A916 /* Build configuration list for PBXProject "FinancialApp" */;
			compatibilityVersion = "Xcode 13.0";
			developmentRegion = en;
			hasScannedForEncodings = 0;
			knownRegions = (
				en,
				Base,
			);
			mainGroup = 10450DDD27A4428F00C9A916;
			productRefGroup = 10450DE727A4428F00C9A916 /* Products */;
			projectDirPath = "";
			projectRoot = "";
			targets = (
				10450DE527A4428F00C9A916 /* FinancialApp */,
			);
		};
/* End PBXProject section */

/* Begin PBXResourcesBuildPhase section */
		10450DE427A4428F00C9A916 /* Resources */ = {
			isa = PBXResourcesBuildPhase;
			buildActionMask = 2147483647;
			files = (
				105C1F4227A4460800D6CFBC /* .gitignore in Resources */,
				10450DF627A4429000C9A916 /* LaunchScreen.storyboard in Resources */,
				10450DF327A4429000C9A916 /* Assets.xcassets in Resources */,
				10450DF127A4428F00C9A916 /* Main.storyboard in Resources */,
			);
			runOnlyForDeploymentPostprocessing = 0;
		};
/* End PBXResourcesBuildPhase section */

/* Begin PBXShellScriptBuildPhase section */
		AFAC9FFC3815A6310FF64D04 /* [CP] Embed Pods Frameworks */ = {
			isa = PBXShellScriptBuildPhase;
			buildActionMask = 2147483647;
			files = (
			);
			inputFileListPaths = (
				"${PODS_ROOT}/Target Support Files/Pods-FinancialApp/Pods-FinancialApp-frameworks-${CONFIGURATION}-input-files.xcfilelist",
			);
			name = "[CP] Embed Pods Frameworks";
			outputFileListPaths = (
				"${PODS_ROOT}/Target Support Files/Pods-FinancialApp/Pods-FinancialApp-frameworks-${CONFIGURATION}-output-files.xcfilelist",
			);
			runOnlyForDeploymentPostprocessing = 0;
			shellPath = /bin/sh;
			shellScript = "\"${PODS_ROOT}/Target Support Files/Pods-FinancialApp/Pods-FinancialApp-frameworks.sh\"\n";
			showEnvVarsInLog = 0;
		};
		BF6C470A560BF59E4B1C0EB7 /* [CP] Check Pods Manifest.lock */ = {
			isa = PBXShellScriptBuildPhase;
			buildActionMask = 2147483647;
			files = (
			);
			inputFileListPaths = (
			);
			inputPaths = (
				"${PODS_PODFILE_DIR_PATH}/Podfile.lock",
				"${PODS_ROOT}/Manifest.lock",
			);
			name = "[CP] Check Pods Manifest.lock";
			outputFileListPaths = (
			);
			outputPaths = (
				"$(DERIVED_FILE_DIR)/Pods-FinancialApp-checkManifestLockResult.txt",
			);
			runOnlyForDeploymentPostprocessing = 0;
			shellPath = /bin/sh;
			shellScript = "diff \"${PODS_PODFILE_DIR_PATH}/Podfile.lock\" \"${PODS_ROOT}/Manifest.lock\" > /dev/null\nif [ $? != 0 ] ; then\n    # print error to STDERR\n    echo \"error: The sandbox is not in sync with the Podfile.lock. Run 'pod install' or update your CocoaPods installation.\" >&2\n    exit 1\nfi\n# This output is used by Xcode 'outputs' to avoid re-running this script phase.\necho \"SUCCESS\" > \"${SCRIPT_OUTPUT_FILE_0}\"\n";
			showEnvVarsInLog = 0;
		};
/* End PBXShellScriptBuildPhase section */

/* Begin PBXSourcesBuildPhase section */
		10450DE227A4428F00C9A916 /* Sources */ = {
			isa = PBXSourcesBuildPhase;
			buildActionMask = 2147483647;
			files = (
				10958ECA27A848B6009197B7 /* DateSelectionTableViewController.swift in Sources */,
				10958EC827A819B0009197B7 /* UITextField+Extensions.swift in Sources */,
				10450DEE27A4428F00C9A916 /* SearchTableViewController.swift in Sources */,
				105C1F5227A4802700D6CFBC /* UIAnimatable.swift in Sources */,
				105C1F4A27A45A3100D6CFBC /* APIService.swift in Sources */,
				1083DFBA27A5BD4700F1C173 /* Asset.swift in Sources */,
				100B583F27A5C91200805CC9 /* String+Extensions.swift in Sources */,
				1083DFB827A5BC5600F1C173 /* CalculatorTableViewController.swift in Sources */,
				105C1F4727A456E300D6CFBC /* SearchTableViewCell.swift in Sources */,
				10450DEA27A4428F00C9A916 /* AppDelegate.swift in Sources */,
				1083DFB627A5A09500F1C173 /* TimeSeriesMonthlyAdjusted.swift in Sources */,
				105C1F4D27A45D2900D6CFBC /* SearchResults.swift in Sources */,
				10450DEC27A4428F00C9A916 /* SceneDelegate.swift in Sources */,
				105C1F4F27A47C4200D6CFBC /* SearchPlaceholderView.swift in Sources */,
			);
			runOnlyForDeploymentPostprocessing = 0;
		};
/* End PBXSourcesBuildPhase section */

/* Begin PBXVariantGroup section */
		10450DEF27A4428F00C9A916 /* Main.storyboard */ = {
			isa = PBXVariantGroup;
			children = (
				10450DF027A4428F00C9A916 /* Base */,
			);
			name = Main.storyboard;
			sourceTree = "<group>";
		};
		10450DF427A4429000C9A916 /* LaunchScreen.storyboard */ = {
			isa = PBXVariantGroup;
			children = (
				10450DF527A4429000C9A916 /* Base */,
			);
			name = LaunchScreen.storyboard;
			sourceTree = "<group>";
		};
/* End PBXVariantGroup section */

/* Begin XCBuildConfiguration section */
		10450DF827A4429000C9A916 /* Debug */ = {
			isa = XCBuildConfiguration;
			buildSettings = {
				ALWAYS_SEARCH_USER_PATHS = NO;
				CLANG_ANALYZER_NONNULL = YES;
				CLANG_ANALYZER_NUMBER_OBJECT_CONVERSION = YES_AGGRESSIVE;
				CLANG_CXX_LANGUAGE_STANDARD = "gnu++17";
				CLANG_CXX_LIBRARY = "libc++";
				CLANG_ENABLE_MODULES = YES;
				CLANG_ENABLE_OBJC_ARC = YES;
				CLANG_ENABLE_OBJC_WEAK = YES;
				CLANG_WARN_BLOCK_CAPTURE_AUTORELEASING = YES;
				CLANG_WARN_BOOL_CONVERSION = YES;
				CLANG_WARN_COMMA = YES;
				CLANG_WARN_CONSTANT_CONVERSION = YES;
				CLANG_WARN_DEPRECATED_OBJC_IMPLEMENTATIONS = YES;
				CLANG_WARN_DIRECT_OBJC_ISA_USAGE = YES_ERROR;
				CLANG_WARN_DOCUMENTATION_COMMENTS = YES;
				CLANG_WARN_EMPTY_BODY = YES;
				CLANG_WARN_ENUM_CONVERSION = YES;
				CLANG_WARN_INFINITE_RECURSION = YES;
				CLANG_WARN_INT_CONVERSION = YES;
				CLANG_WARN_NON_LITERAL_NULL_CONVERSION = YES;
				CLANG_WARN_OBJC_IMPLICIT_RETAIN_SELF = YES;
				CLANG_WARN_OBJC_LITERAL_CONVERSION = YES;
				CLANG_WARN_OBJC_ROOT_CLASS = YES_ERROR;
				CLANG_WARN_QUOTED_INCLUDE_IN_FRAMEWORK_HEADER = YES;
				CLANG_WARN_RANGE_LOOP_ANALYSIS = YES;
				CLANG_WARN_STRICT_PROTOTYPES = YES;
				CLANG_WARN_SUSPICIOUS_MOVE = YES;
				CLANG_WARN_UNGUARDED_AVAILABILITY = YES_AGGRESSIVE;
				CLANG_WARN_UNREACHABLE_CODE = YES;
				CLANG_WARN__DUPLICATE_METHOD_MATCH = YES;
				COPY_PHASE_STRIP = NO;
				DEBUG_INFORMATION_FORMAT = dwarf;
				ENABLE_STRICT_OBJC_MSGSEND = YES;
				ENABLE_TESTABILITY = YES;
				GCC_C_LANGUAGE_STANDARD = gnu11;
				GCC_DYNAMIC_NO_PIC = NO;
				GCC_NO_COMMON_BLOCKS = YES;
				GCC_OPTIMIZATION_LEVEL = 0;
				GCC_PREPROCESSOR_DEFINITIONS = (
					"DEBUG=1",
					"$(inherited)",
				);
				GCC_WARN_64_TO_32_BIT_CONVERSION = YES;
				GCC_WARN_ABOUT_RETURN_TYPE = YES_ERROR;
				GCC_WARN_UNDECLARED_SELECTOR = YES;
				GCC_WARN_UNINITIALIZED_AUTOS = YES_AGGRESSIVE;
				GCC_WARN_UNUSED_FUNCTION = YES;
				GCC_WARN_UNUSED_VARIABLE = YES;
				IPHONEOS_DEPLOYMENT_TARGET = 15.2;
				MTL_ENABLE_DEBUG_INFO = INCLUDE_SOURCE;
				MTL_FAST_MATH = YES;
				ONLY_ACTIVE_ARCH = YES;
				SDKROOT = iphoneos;
				SWIFT_ACTIVE_COMPILATION_CONDITIONS = DEBUG;
				SWIFT_OPTIMIZATION_LEVEL = "-Onone";
			};
			name = Debug;
		};
		10450DF927A4429000C9A916 /* Release */ = {
			isa = XCBuildConfiguration;
			buildSettings = {
				ALWAYS_SEARCH_USER_PATHS = NO;
				CLANG_ANALYZER_NONNULL = YES;
				CLANG_ANALYZER_NUMBER_OBJECT_CONVERSION = YES_AGGRESSIVE;
				CLANG_CXX_LANGUAGE_STANDARD = "gnu++17";
				CLANG_CXX_LIBRARY = "libc++";
				CLANG_ENABLE_MODULES = YES;
				CLANG_ENABLE_OBJC_ARC = YES;
				CLANG_ENABLE_OBJC_WEAK = YES;
				CLANG_WARN_BLOCK_CAPTURE_AUTORELEASING = YES;
				CLANG_WARN_BOOL_CONVERSION = YES;
				CLANG_WARN_COMMA = YES;
				CLANG_WARN_CONSTANT_CONVERSION = YES;
				CLANG_WARN_DEPRECATED_OBJC_IMPLEMENTATIONS = YES;
				CLANG_WARN_DIRECT_OBJC_ISA_USAGE = YES_ERROR;
				CLANG_WARN_DOCUMENTATION_COMMENTS = YES;
				CLANG_WARN_EMPTY_BODY = YES;
				CLANG_WARN_ENUM_CONVERSION = YES;
				CLANG_WARN_INFINITE_RECURSION = YES;
				CLANG_WARN_INT_CONVERSION = YES;
				CLANG_WARN_NON_LITERAL_NULL_CONVERSION = YES;
				CLANG_WARN_OBJC_IMPLICIT_RETAIN_SELF = YES;
				CLANG_WARN_OBJC_LITERAL_CONVERSION = YES;
				CLANG_WARN_OBJC_ROOT_CLASS = YES_ERROR;
				CLANG_WARN_QUOTED_INCLUDE_IN_FRAMEWORK_HEADER = YES;
				CLANG_WARN_RANGE_LOOP_ANALYSIS = YES;
				CLANG_WARN_STRICT_PROTOTYPES = YES;
				CLANG_WARN_SUSPICIOUS_MOVE = YES;
				CLANG_WARN_UNGUARDED_AVAILABILITY = YES_AGGRESSIVE;
				CLANG_WARN_UNREACHABLE_CODE = YES;
				CLANG_WARN__DUPLICATE_METHOD_MATCH = YES;
				COPY_PHASE_STRIP = NO;
				DEBUG_INFORMATION_FORMAT = "dwarf-with-dsym";
				ENABLE_NS_ASSERTIONS = NO;
				ENABLE_STRICT_OBJC_MSGSEND = YES;
				GCC_C_LANGUAGE_STANDARD = gnu11;
				GCC_NO_COMMON_BLOCKS = YES;
				GCC_WARN_64_TO_32_BIT_CONVERSION = YES;
				GCC_WARN_ABOUT_RETURN_TYPE = YES_ERROR;
				GCC_WARN_UNDECLARED_SELECTOR = YES;
				GCC_WARN_UNINITIALIZED_AUTOS = YES_AGGRESSIVE;
				GCC_WARN_UNUSED_FUNCTION = YES;
				GCC_WARN_UNUSED_VARIABLE = YES;
				IPHONEOS_DEPLOYMENT_TARGET = 15.2;
				MTL_ENABLE_DEBUG_INFO = NO;
				MTL_FAST_MATH = YES;
				SDKROOT = iphoneos;
				SWIFT_COMPILATION_MODE = wholemodule;
				SWIFT_OPTIMIZATION_LEVEL = "-O";
				VALIDATE_PRODUCT = YES;
			};
			name = Release;
		};
		10450DFB27A4429000C9A916 /* Debug */ = {
			isa = XCBuildConfiguration;
			baseConfigurationReference = 0E282FACDEDCD05EFB7701CF /* Pods-FinancialApp.debug.xcconfig */;
			buildSettings = {
				ASSETCATALOG_COMPILER_APPICON_NAME = AppIcon;
				ASSETCATALOG_COMPILER_GLOBAL_ACCENT_COLOR_NAME = AccentColor;
				CODE_SIGN_STYLE = Automatic;
				CURRENT_PROJECT_VERSION = 1;
				GENERATE_INFOPLIST_FILE = YES;
				INFOPLIST_FILE = FinancialApp/Files/Info.plist;
				INFOPLIST_KEY_UIApplicationSupportsIndirectInputEvents = YES;
				INFOPLIST_KEY_UILaunchStoryboardName = LaunchScreen;
				INFOPLIST_KEY_UIMainStoryboardFile = Main;
				INFOPLIST_KEY_UISupportedInterfaceOrientations_iPad = "UIInterfaceOrientationPortrait UIInterfaceOrientationPortraitUpsideDown UIInterfaceOrientationLandscapeLeft UIInterfaceOrientationLandscapeRight";
				INFOPLIST_KEY_UISupportedInterfaceOrientations_iPhone = "UIInterfaceOrientationPortrait UIInterfaceOrientationLandscapeLeft UIInterfaceOrientationLandscapeRight";
				LD_RUNPATH_SEARCH_PATHS = (
					"$(inherited)",
					"@executable_path/Frameworks",
				);
				MARKETING_VERSION = 1.0;
				PRODUCT_BUNDLE_IDENTIFIER = com.myapps.FinancialApp;
				PRODUCT_NAME = "$(TARGET_NAME)";
				SWIFT_EMIT_LOC_STRINGS = YES;
				SWIFT_VERSION = 5.0;
				TARGETED_DEVICE_FAMILY = 1;
			};
			name = Debug;
		};
		10450DFC27A4429000C9A916 /* Release */ = {
			isa = XCBuildConfiguration;
			baseConfigurationReference = 3EF0F48D8B90E442D74C4837 /* Pods-FinancialApp.release.xcconfig */;
			buildSettings = {
				ASSETCATALOG_COMPILER_APPICON_NAME = AppIcon;
				ASSETCATALOG_COMPILER_GLOBAL_ACCENT_COLOR_NAME = AccentColor;
				CODE_SIGN_STYLE = Automatic;
				CURRENT_PROJECT_VERSION = 1;
				GENERATE_INFOPLIST_FILE = YES;
				INFOPLIST_FILE = FinancialApp/Files/Info.plist;
				INFOPLIST_KEY_UIApplicationSupportsIndirectInputEvents = YES;
				INFOPLIST_KEY_UILaunchStoryboardName = LaunchScreen;
				INFOPLIST_KEY_UIMainStoryboardFile = Main;
				INFOPLIST_KEY_UISupportedInterfaceOrientations_iPad = "UIInterfaceOrientationPortrait UIInterfaceOrientationPortraitUpsideDown UIInterfaceOrientationLandscapeLeft UIInterfaceOrientationLandscapeRight";
				INFOPLIST_KEY_UISupportedInterfaceOrientations_iPhone = "UIInterfaceOrientationPortrait UIInterfaceOrientationLandscapeLeft UIInterfaceOrientationLandscapeRight";
				LD_RUNPATH_SEARCH_PATHS = (
					"$(inherited)",
					"@executable_path/Frameworks",
				);
				MARKETING_VERSION = 1.0;
				PRODUCT_BUNDLE_IDENTIFIER = com.myapps.FinancialApp;
				PRODUCT_NAME = "$(TARGET_NAME)";
				SWIFT_EMIT_LOC_STRINGS = YES;
				SWIFT_VERSION = 5.0;
				TARGETED_DEVICE_FAMILY = 1;
			};
			name = Release;
		};
/* End XCBuildConfiguration section */

/* Begin XCConfigurationList section */
		10450DE127A4428F00C9A916 /* Build configuration list for PBXProject "FinancialApp" */ = {
			isa = XCConfigurationList;
			buildConfigurations = (
				10450DF827A4429000C9A916 /* Debug */,
				10450DF927A4429000C9A916 /* Release */,
			);
			defaultConfigurationIsVisible = 0;
			defaultConfigurationName = Release;
		};
		10450DFA27A4429000C9A916 /* Build configuration list for PBXNativeTarget "FinancialApp" */ = {
			isa = XCConfigurationList;
			buildConfigurations = (
				10450DFB27A4429000C9A916 /* Debug */,
				10450DFC27A4429000C9A916 /* Release */,
			);
			defaultConfigurationIsVisible = 0;
			defaultConfigurationName = Release;
		};
/* End XCConfigurationList section */
	};
	rootObject = 10450DDE27A4428F00C9A916 /* Project object */;
}
